
Microsoft Visual Studio Solution File, Format Version 11.00
# Visual Studio 2010
Project("{FAE04EC0-301F-11D3-BF4B-00C04F79EFBC}") = "Tenk2D", "Tenk2D\Tenk2D.csproj", "{ABF027BB-A205-46AA-B850-00DD70766FDC}"
EndProject
Project("{FAE04EC0-301F-11D3-BF4B-00C04F79EFBC}") = "MapEditor", "..\MapEditor\MapEditor\MapEditor.csproj", "{6DAC4171-8853-431F-A2DF-4D862FACEA0E}"
EndProject
Global
	GlobalSection(SolutionConfigurationPlatforms) = preSolution
		Debug|x86 = Debug|x86
		Release|x86 = Release|x86
	EndGlobalSection
	GlobalSection(ProjectConfigurationPlatforms) = postSolution
		{ABF027BB-A205-46AA-B850-00DD70766FDC}.Debug|x86.ActiveCfg = Debug|x86
		{ABF027BB-A205-46AA-B850-00DD70766FDC}.Debug|x86.Build.0 = Debug|x86
		{ABF027BB-A205-46AA-B850-00DD70766FDC}.Release|x86.ActiveCfg = Release|x86
		{ABF027BB-A205-46AA-B850-00DD70766FDC}.Release|x86.Build.0 = Release|x86
		{6DAC4171-8853-431F-A2DF-4D862FACEA0E}.Debug|x86.ActiveCfg = Debug|x86
		{6DAC4171-8853-431F-A2DF-4D862FACEA0E}.Debug|x86.Build.0 = Debug|x86
		{6DAC4171-8853-431F-A2DF-4D862FACEA0E}.Release|x86.ActiveCfg = Release|x86
		{6DAC4171-8853-431F-A2DF-4D862FACEA0E}.Release|x86.Build.0 = Release|x86
	EndGlobalSection
	GlobalSection(SolutionProperties) = preSolution
		HideSolutionNode = FALSE
	EndGlobalSection
EndGlobal
